{
  "name": "vue_dsmanagementsystem",
  "lockfileVersion": 2,
  "requires": true,
  "packages": {
    "": {
      "dependencies": {
        "vue-table-with-tree-grid": "^0.2.4"
      }
    },
    "node_modules/vue": {
      "version": "2.6.14",
      "resolved": "https://registry.npmjs.org/vue/-/vue-2.6.14.tgz",
      "integrity": "sha512-x2284lgYvjOMj3Za7kqzRcUSxBboHqtgRE2zlos1qWaOye5yUmHn42LB1250NJBLRwEcdrB0JRwyPTEPhfQjiQ=="
    },
    "node_modules/vue-table-with-tree-grid": {
      "version": "0.2.4",
      "resolved": "https://registry.npmjs.org/vue-table-with-tree-grid/-/vue-table-with-tree-grid-0.2.4.tgz",
      "integrity": "sha512-V9+wckhA8u1K6RBu7m7bjUEyRrjFFnGVaRghEjzn/fIQJc2VRxVbq8qFXIRlTTC7XUQwbiEK0Xlp4zOXP5W0Gg==",
      "dependencies": {
        "vue": "^2.4.3"
      },
      "engines": {
        "node": ">= 4.0.0",
        "npm": ">= 3.0.0"
      },
      "peerDependencies": {
        "vue": "^2.4.3"
      }
    }
  },
  "dependencies": {
    "vue": {
      "version": "2.6.14",
      "resolved": "https://registry.npmjs.org/vue/-/vue-2.6.14.tgz",
      "integrity": "sha512-x2284lgYvjOMj3Za7kqzRcUSxBboHqtgRE2zlos1qWaOye5yUmHn42LB1250NJBLRwEcdrB0JRwyPTEPhfQjiQ=="
    },
    "vue-table-with-tree-grid": {
      "version": "0.2.4",
      "resolved": "https://registry.npmjs.org/vue-table-with-tree-grid/-/vue-table-with-tree-grid-0.2.4.tgz",
      "integrity": "sha512-V9+wckhA8u1K6RBu7m7bjUEyRrjFFnGVaRghEjzn/fIQJc2VRxVbq8qFXIRlTTC7XUQwbiEK0Xlp4zOXP5W0Gg==",
      "requires": {
        "vue": "^2.4.3"
      }
    }
  }
}
